
Microsoft Visual Studio Solution File, Format Version 12.00
# Visual Studio 15
VisualStudioVersion = 15.0.27428.2037
MinimumVisualStudioVersion = 10.0.40219.1
Project("{FAE04EC0-301F-11D3-BF4B-00C04F79EFBC}") = "Mossharbor.AzureWorkArounds.ServiceBus", "Mossharbor.AzureWorkArounds.ServiceBus\Mossharbor.AzureWorkArounds.ServiceBus.csproj", "{316E33AA-5FD2-4574-AE81-A75E4F75ABED}"
EndProject
Project("{FAE04EC0-301F-11D3-BF4B-00C04F79EFBC}") = "ServiceBusUnitTests", "ServiceBusUnitTests\ServiceBusUnitTests.csproj", "{139A6DF7-B0CA-466D-B472-DEE6DA216BEC}"
EndProject
Global
	GlobalSection(SolutionConfigurationPlatforms) = preSolution
		Debug|Any CPU = Debug|Any CPU
		Release|Any CPU = Release|Any CPU
	EndGlobalSection
	GlobalSection(ProjectConfigurationPlatforms) = postSolution
		{316E33AA-5FD2-4574-AE81-A75E4F75ABED}.Debug|Any CPU.ActiveCfg = Debug|Any CPU
		{316E33AA-5FD2-4574-AE81-A75E4F75ABED}.Debug|Any CPU.Build.0 = Debug|Any CPU
		{316E33AA-5FD2-4574-AE81-A75E4F75ABED}.Release|Any CPU.ActiveCfg = Release|Any CPU
		{316E33AA-5FD2-4574-AE81-A75E4F75ABED}.Release|Any CPU.Build.0 = Release|Any CPU
		{139A6DF7-B0CA-466D-B472-DEE6DA216BEC}.Debug|Any CPU.ActiveCfg = Debug|Any CPU
		{139A6DF7-B0CA-466D-B472-DEE6DA216BEC}.Debug|Any CPU.Build.0 = Debug|Any CPU
		{139A6DF7-B0CA-466D-B472-DEE6DA216BEC}.Release|Any CPU.ActiveCfg = Release|Any CPU
		{139A6DF7-B0CA-466D-B472-DEE6DA216BEC}.Release|Any CPU.Build.0 = Release|Any CPU
	EndGlobalSection
	GlobalSection(SolutionProperties) = preSolution
		HideSolutionNode = FALSE
	EndGlobalSection
	GlobalSection(ExtensibilityGlobals) = postSolution
		SolutionGuid = {12820E2C-D846-402B-8667-27E9B7C65E98}
	EndGlobalSection
EndGlobal
